// !$*UTF8*$!
{
	archiveVersion = 1;
	classes = {
	};
	objectVersion = 46;
	objects = {

/* Begin PBXBuildFile section */
		049E960C79BBE2AC505A84A0 /* NotificationService.swift in Sources */ = {isa = PBXBuildFile; fileRef = 8A888EE3A49C73AD1F861740 /* NotificationService.swift */; };
		06F850F9E0B10D9A4C059387 /* IdlePromptView.swift in Sources */ = {isa = PBXBuildFile; fileRef = 37A8967CB452F590FC1208BD /* IdlePromptView.swift */; };
		094D66D96BB62BC4A901DD0C /* MenuBarPanel.swift in Sources */ = {isa = PBXBuildFile; fileRef = A86EA86108E4BEFE4B664F3C /* MenuBarPanel.swift */; };
		12490A40168D966E1052CACB /* CoreBehaviorTests.swift in Sources */ = {isa = PBXBuildFile; fileRef = 9A48AEE0E5B7AEB785D2D361 /* CoreBehaviorTests.swift */; };
		160230106143CACAAA7E9386 /* IdleMonitor.swift in Sources */ = {isa = PBXBuildFile; fileRef = B63B17A0B72E0DB4BB0FAA3F /* IdleMonitor.swift */; };
		2162F22E00D9AF048AC0D26F /* PersistenceModels.swift in Sources */ = {isa = PBXBuildFile; fileRef = 631B67F61E239D6EF8352AD0 /* PersistenceModels.swift */; };
		223908B62F9CAB5A524C5E1F /* ConflictReviewView.swift in Sources */ = {isa = PBXBuildFile; fileRef = 91AF16AD1B318C6D9D215C4B /* ConflictReviewView.swift */; };
		2B88CBD84854B29806155265 /* AppSettings.swift in Sources */ = {isa = PBXBuildFile; fileRef = 052BD85FDAEBC6E9962EFD12 /* AppSettings.swift */; };
		3011E5DD8AAE7239FE561FA2 /* StatusItemLabel.swift in Sources */ = {isa = PBXBuildFile; fileRef = 1A8ACD96C2493BEE3D9E8371 /* StatusItemLabel.swift */; };
		307ED6BD480E58C36F09BF27 /* MCP in Frameworks */ = {isa = PBXBuildFile; productRef = 62BC1C8E0B8BD3C7AD7FBF5C /* MCP */; };
		411824085EBBF98F446A09DF /* WeekStripView.swift in Sources */ = {isa = PBXBuildFile; fileRef = 2BC185824DA49BF51AFF226E /* WeekStripView.swift */; };
		432BA9825D2463DB1C9EE71C /* DomainModels.swift in Sources */ = {isa = PBXBuildFile; fileRef = 54861E78F6C2EFD4E4C7A530 /* DomainModels.swift */; };
		4A018CF6228C195A4BDC862E /* TimenMCPGateway.swift in Sources */ = {isa = PBXBuildFile; fileRef = 56D948DBAA5C6A661280DE78 /* TimenMCPGateway.swift */; };
		4CCD93B1221502E434EEAE07 /* KeychainStoreTests.swift in Sources */ = {isa = PBXBuildFile; fileRef = 0C2177195827062D4127587B /* KeychainStoreTests.swift */; };
		58F405DF7879843FA5536A78 /* OfflineStore.swift in Sources */ = {isa = PBXBuildFile; fileRef = A1C5D047ED7FBF23A76A9251 /* OfflineStore.swift */; };
		60C31FCF80EFA4DE0530507B /* OAuthSession.swift in Sources */ = {isa = PBXBuildFile; fileRef = 39574B82ADCA0A3DA2A62F0C /* OAuthSession.swift */; };
		629EA20A0477B3B2BAD65A8D /* ConnectivityMonitor.swift in Sources */ = {isa = PBXBuildFile; fileRef = C6A96DB7AB1FF5437546C85F /* ConnectivityMonitor.swift */; };
		6B9051D168A3451ABE686826 /* TimenBarUITests.swift in Sources */ = {isa = PBXBuildFile; fileRef = 3ED0C8A739043B9849AFD18C /* TimenBarUITests.swift */; };
		7354B00A1A01649ED9661E8B /* Assets.xcassets in Resources */ = {isa = PBXBuildFile; fileRef = 2A2A517986EC37387ABE2376 /* Assets.xcassets */; };
		76FB91303E324F69C2682415 /* Cocoa.framework in Frameworks */ = {isa = PBXBuildFile; fileRef = EBA8BF4745CB31EFE20048DB /* Cocoa.framework */; };
		80E1DDE21AC85EFCF1CA666F /* FavoritesStrip.swift in Sources */ = {isa = PBXBuildFile; fileRef = B46F016753E0782FFA394D4C /* FavoritesStrip.swift */; };
		8543B84800AAF2C1DC215439 /* TimerComposerView.swift in Sources */ = {isa = PBXBuildFile; fileRef = D1CE8E343D513F05E7128B97 /* TimerComposerView.swift */; };
		937BF47AC829CE3C2206E3CA /* TimenGateway.swift in Sources */ = {isa = PBXBuildFile; fileRef = 82979B0FB0CE2D4B7779605D /* TimenGateway.swift */; };
		969FCD3B0988843C2627D08B /* AppModel.swift in Sources */ = {isa = PBXBuildFile; fileRef = 7E45C7D7C6BB256693202B91 /* AppModel.swift */; };
		9E4AE1BB596063777A75D74C /* UpdateController.swift in Sources */ = {isa = PBXBuildFile; fileRef = C928638E80F7543BF7FE9582 /* UpdateController.swift */; };
		A2969B4317B45D9A63EA024E /* TimenBarTheme.swift in Sources */ = {isa = PBXBuildFile; fileRef = C7BC902A3F5D99AC99786F42 /* TimenBarTheme.swift */; };
		A56213D49A7FEC15823DEFFA /* PersistenceSchema.swift in Sources */ = {isa = PBXBuildFile; fileRef = 0358D6A1D91836F0A3B4D744 /* PersistenceSchema.swift */; };
		B4740A2E9984BBB92389E193 /* StatusBarController.swift in Sources */ = {isa = PBXBuildFile; fileRef = 3CF25BA3A557CDBAC6BF7F62 /* StatusBarController.swift */; };
		B884AADD3F1D4A84E6B54F27 /* OfflineStoreTests.swift in Sources */ = {isa = PBXBuildFile; fileRef = C437E03AEBD9599F53813A66 /* OfflineStoreTests.swift */; };
		B93435231BB7459C278282F9 /* Cocoa.framework in Frameworks */ = {isa = PBXBuildFile; fileRef = EBA8BF4745CB31EFE20048DB /* Cocoa.framework */; };
		BE5C5CEA5C6D1B9BCE4F38AF /* KeychainStore.swift in Sources */ = {isa = PBXBuildFile; fileRef = 4A61D07CF8325E6E798B5121 /* KeychainStore.swift */; };
		BF1B2AB90E89138B18C4BF99 /* Cocoa.framework in Frameworks */ = {isa = PBXBuildFile; fileRef = EBA8BF4745CB31EFE20048DB /* Cocoa.framework */; };
		DD97E854591F2D12C6202301 /* SettingsView.swift in Sources */ = {isa = PBXBuildFile; fileRef = C20624DAF189BAEF9D425B73 /* SettingsView.swift */; };
		ED7DA9AF8AC7B5B918B82923 /* Sparkle in Frameworks */ = {isa = PBXBuildFile; productRef = FC141B19827B212F66C6B12F /* Sparkle */; };
		F3E16250588A8D31B2061E41 /* TimenBarApp.swift in Sources */ = {isa = PBXBuildFile; fileRef = E349D796EF81012076A408F6 /* TimenBarApp.swift */; };
		F4AA3EA8A118F70C5E7BDD67 /* EntryRowView.swift in Sources */ = {isa = PBXBuildFile; fileRef = 22C19C9A0F7F0693A77BA075 /* EntryRowView.swift */; };
/* End PBXBuildFile section */

/* Begin PBXContainerItemProxy section */
		8E472BBDF279B1EEFA479FD2 /* PBXContainerItemProxy */ = {
			isa = PBXContainerItemProxy;
			containerPortal = 0F491FA55DE8803964163896 /* Project object */;
			proxyType = 1;
			remoteGlobalIDString = 0433F6A64A2F85EFB186BDD5;
			remoteInfo = TimenBar;
		};
		90D51BADF81A438E43AA6929 /* PBXContainerItemProxy */ = {
			isa = PBXContainerItemProxy;
			containerPortal = 0F491FA55DE8803964163896 /* Project object */;
			proxyType = 1;
			remoteGlobalIDString = 0433F6A64A2F85EFB186BDD5;
			remoteInfo = TimenBar;
		};
/* End PBXContainerItemProxy section */

/* Begin PBXFileReference section */
		0358D6A1D91836F0A3B4D744 /* PersistenceSchema.swift */ = {isa = PBXFileReference; includeInIndex = 1; lastKnownFileType = sourcecode.swift; path = PersistenceSchema.swift; sourceTree = "<group>"; };
		052BD85FDAEBC6E9962EFD12 /* AppSettings.swift */ = {isa = PBXFileReference; includeInIndex = 1; lastKnownFileType = sourcecode.swift; path = AppSettings.swift; sourceTree = "<group>"; };
		0C2177195827062D4127587B /* KeychainStoreTests.swift */ = {isa = PBXFileReference; includeInIndex = 1; lastKnownFileType = sourcecode.swift; path = KeychainStoreTests.swift; sourceTree = "<group>"; };
		1A8ACD96C2493BEE3D9E8371 /* StatusItemLabel.swift */ = {isa = PBXFileReference; includeInIndex = 1; lastKnownFileType = sourcecode.swift; path = StatusItemLabel.swift; sourceTree = "<group>"; };
		22C19C9A0F7F0693A77BA075 /* EntryRowView.swift */ = {isa = PBXFileReference; includeInIndex = 1; lastKnownFileType = sourcecode.swift; path = EntryRowView.swift; sourceTree = "<group>"; };
		2A2A517986EC37387ABE2376 /* Assets.xcassets */ = {isa = PBXFileReference; includeInIndex = 1; lastKnownFileType = folder.assetcatalog; path = Assets.xcassets; sourceTree = "<group>"; };
		2BC185824DA49BF51AFF226E /* WeekStripView.swift */ = {isa = PBXFileReference; includeInIndex = 1; lastKnownFileType = sourcecode.swift; path = WeekStripView.swift; sourceTree = "<group>"; };
		37A8967CB452F590FC1208BD /* IdlePromptView.swift */ = {isa = PBXFileReference; includeInIndex = 1; lastKnownFileType = sourcecode.swift; path = IdlePromptView.swift; sourceTree = "<group>"; };
		39574B82ADCA0A3DA2A62F0C /* OAuthSession.swift */ = {isa = PBXFileReference; includeInIndex = 1; lastKnownFileType = sourcecode.swift; path = OAuthSession.swift; sourceTree = "<group>"; };
		3CF25BA3A557CDBAC6BF7F62 /* StatusBarController.swift */ = {isa = PBXFileReference; includeInIndex = 1; lastKnownFileType = sourcecode.swift; path = StatusBarController.swift; sourceTree = "<group>"; };
		3ED0C8A739043B9849AFD18C /* TimenBarUITests.swift */ = {isa = PBXFileReference; includeInIndex = 1; lastKnownFileType = sourcecode.swift; path = TimenBarUITests.swift; sourceTree = "<group>"; };
		4A61D07CF8325E6E798B5121 /* KeychainStore.swift */ = {isa = PBXFileReference; includeInIndex = 1; lastKnownFileType = sourcecode.swift; path = KeychainStore.swift; sourceTree = "<group>"; };
		54861E78F6C2EFD4E4C7A530 /* DomainModels.swift */ = {isa = PBXFileReference; includeInIndex = 1; lastKnownFileType = sourcecode.swift; path = DomainModels.swift; sourceTree = "<group>"; };
		56D948DBAA5C6A661280DE78 /* TimenMCPGateway.swift */ = {isa = PBXFileReference; includeInIndex = 1; lastKnownFileType = sourcecode.swift; path = TimenMCPGateway.swift; sourceTree = "<group>"; };
		631B67F61E239D6EF8352AD0 /* PersistenceModels.swift */ = {isa = PBXFileReference; includeInIndex = 1; lastKnownFileType = sourcecode.swift; path = PersistenceModels.swift; sourceTree = "<group>"; };
		7E45C7D7C6BB256693202B91 /* AppModel.swift */ = {isa = PBXFileReference; includeInIndex = 1; lastKnownFileType = sourcecode.swift; path = AppModel.swift; sourceTree = "<group>"; };
		82979B0FB0CE2D4B7779605D /* TimenGateway.swift */ = {isa = PBXFileReference; includeInIndex = 1; lastKnownFileType = sourcecode.swift; path = TimenGateway.swift; sourceTree = "<group>"; };
		8A888EE3A49C73AD1F861740 /* NotificationService.swift */ = {isa = PBXFileReference; includeInIndex = 1; lastKnownFileType = sourcecode.swift; path = NotificationService.swift; sourceTree = "<group>"; };
		91AF16AD1B318C6D9D215C4B /* ConflictReviewView.swift */ = {isa = PBXFileReference; includeInIndex = 1; lastKnownFileType = sourcecode.swift; path = ConflictReviewView.swift; sourceTree = "<group>"; };
		9A48AEE0E5B7AEB785D2D361 /* CoreBehaviorTests.swift */ = {isa = PBXFileReference; includeInIndex = 1; lastKnownFileType = sourcecode.swift; path = CoreBehaviorTests.swift; sourceTree = "<group>"; };
		A1C5D047ED7FBF23A76A9251 /* OfflineStore.swift */ = {isa = PBXFileReference; includeInIndex = 1; lastKnownFileType = sourcecode.swift; path = OfflineStore.swift; sourceTree = "<group>"; };
		A86EA86108E4BEFE4B664F3C /* MenuBarPanel.swift */ = {isa = PBXFileReference; includeInIndex = 1; lastKnownFileType = sourcecode.swift; path = MenuBarPanel.swift; sourceTree = "<group>"; };
		B10841C7F227DA408DBB8890 /* TimenBarTests.xctest */ = {isa = PBXFileReference; explicitFileType = wrapper.cfbundle; includeInIndex = 0; path = TimenBarTests.xctest; sourceTree = BUILT_PRODUCTS_DIR; };
		B13B86CE0632CD0DD81018D2 /* TimenBarUITests.xctest */ = {isa = PBXFileReference; explicitFileType = wrapper.cfbundle; includeInIndex = 0; path = TimenBarUITests.xctest; sourceTree = BUILT_PRODUCTS_DIR; };
		B46F016753E0782FFA394D4C /* FavoritesStrip.swift */ = {isa = PBXFileReference; includeInIndex = 1; lastKnownFileType = sourcecode.swift; path = FavoritesStrip.swift; sourceTree = "<group>"; };
		B63B17A0B72E0DB4BB0FAA3F /* IdleMonitor.swift */ = {isa = PBXFileReference; includeInIndex = 1; lastKnownFileType = sourcecode.swift; path = IdleMonitor.swift; sourceTree = "<group>"; };
		C20624DAF189BAEF9D425B73 /* SettingsView.swift */ = {isa = PBXFileReference; includeInIndex = 1; lastKnownFileType = sourcecode.swift; path = SettingsView.swift; sourceTree = "<group>"; };
		C230FC21BC40AAC9B94F75D4 /* TimenBar.app */ = {isa = PBXFileReference; explicitFileType = wrapper.application; includeInIndex = 0; path = TimenBar.app; sourceTree = BUILT_PRODUCTS_DIR; };
		C437E03AEBD9599F53813A66 /* OfflineStoreTests.swift */ = {isa = PBXFileReference; includeInIndex = 1; lastKnownFileType = sourcecode.swift; path = OfflineStoreTests.swift; sourceTree = "<group>"; };
		C6A96DB7AB1FF5437546C85F /* ConnectivityMonitor.swift */ = {isa = PBXFileReference; includeInIndex = 1; lastKnownFileType = sourcecode.swift; path = ConnectivityMonitor.swift; sourceTree = "<group>"; };
		C7BC902A3F5D99AC99786F42 /* TimenBarTheme.swift */ = {isa = PBXFileReference; includeInIndex = 1; lastKnownFileType = sourcecode.swift; path = TimenBarTheme.swift; sourceTree = "<group>"; };
		C928638E80F7543BF7FE9582 /* UpdateController.swift */ = {isa = PBXFileReference; includeInIndex = 1; lastKnownFileType = sourcecode.swift; path = UpdateController.swift; sourceTree = "<group>"; };
		D1CE8E343D513F05E7128B97 /* TimerComposerView.swift */ = {isa = PBXFileReference; includeInIndex = 1; lastKnownFileType = sourcecode.swift; path = TimerComposerView.swift; sourceTree = "<group>"; };
		E349D796EF81012076A408F6 /* TimenBarApp.swift */ = {isa = PBXFileReference; includeInIndex = 1; lastKnownFileType = sourcecode.swift; path = TimenBarApp.swift; sourceTree = "<group>"; };
		EBA8BF4745CB31EFE20048DB /* Cocoa.framework */ = {isa = PBXFileReference; lastKnownFileType = wrapper.framework; name = Cocoa.framework; path = Platforms/MacOSX.platform/Developer/SDKs/MacOSX15.0.sdk/System/Library/Frameworks/Cocoa.framework; sourceTree = DEVELOPER_DIR; };
/* End PBXFileReference section */

/* Begin PBXFrameworksBuildPhase section */
		4A25BF275B2451886D85BEF3 /* Frameworks */ = {
			isa = PBXFrameworksBuildPhase;
			buildActionMask = 2147483647;
			files = (
				76FB91303E324F69C2682415 /* Cocoa.framework in Frameworks */,
			);
			runOnlyForDeploymentPostprocessing = 0;
		};
		DFABF9846F99F6DC2EBFD37B /* Frameworks */ = {
			isa = PBXFrameworksBuildPhase;
			buildActionMask = 2147483647;
			files = (
				BF1B2AB90E89138B18C4BF99 /* Cocoa.framework in Frameworks */,
			);
			runOnlyForDeploymentPostprocessing = 0;
		};
		E09E694683B193C19035CF0A /* Frameworks */ = {
			isa = PBXFrameworksBuildPhase;
			buildActionMask = 2147483647;
			files = (
				B93435231BB7459C278282F9 /* Cocoa.framework in Frameworks */,
				307ED6BD480E58C36F09BF27 /* MCP in Frameworks */,
				ED7DA9AF8AC7B5B918B82923 /* Sparkle in Frameworks */,
			);
			runOnlyForDeploymentPostprocessing = 0;
		};
/* End PBXFrameworksBuildPhase section */

/* Begin PBXGroup section */
		21053D720536029EB1231882 /* Products */ = {
			isa = PBXGroup;
			children = (
				C230FC21BC40AAC9B94F75D4 /* TimenBar.app */,
				B10841C7F227DA408DBB8890 /* TimenBarTests.xctest */,
				B13B86CE0632CD0DD81018D2 /* TimenBarUITests.xctest */,
			);
			name = Products;
			sourceTree = "<group>";
		};
		342033C5D6600F6AB8D4D4B1 /* Models */ = {
			isa = PBXGroup;
			children = (
				7E45C7D7C6BB256693202B91 /* AppModel.swift */,
				54861E78F6C2EFD4E4C7A530 /* DomainModels.swift */,
			);
			name = Models;
			path = Models;
			sourceTree = "<group>";
		};
		359050F6AFC4CB44825BEA76 /* OS X */ = {
			isa = PBXGroup;
			children = (
				EBA8BF4745CB31EFE20048DB /* Cocoa.framework */,
			);
			name = "OS X";
			sourceTree = "<group>";
		};
		3A07DE59E01268D911398080 /* TimenBar */ = {
			isa = PBXGroup;
			children = (
				2A2A517986EC37387ABE2376 /* Assets.xcassets */,
				342033C5D6600F6AB8D4D4B1 /* Models */,
				EDB00E214C26C1F50302EB66 /* Persistence */,
				81C07556E43A8AF09D17457B /* Services */,
				E349D796EF81012076A408F6 /* TimenBarApp.swift */,
				7AC37ED0FCB29D1FC98A7AE1 /* Views */,
			);
			name = TimenBar;
			path = TimenBar;
			sourceTree = "<group>";
		};
		7AC37ED0FCB29D1FC98A7AE1 /* Views */ = {
			isa = PBXGroup;
			children = (
				91AF16AD1B318C6D9D215C4B /* ConflictReviewView.swift */,
				22C19C9A0F7F0693A77BA075 /* EntryRowView.swift */,
				B46F016753E0782FFA394D4C /* FavoritesStrip.swift */,
				37A8967CB452F590FC1208BD /* IdlePromptView.swift */,
				A86EA86108E4BEFE4B664F3C /* MenuBarPanel.swift */,
				C20624DAF189BAEF9D425B73 /* SettingsView.swift */,
				1A8ACD96C2493BEE3D9E8371 /* StatusItemLabel.swift */,
				C7BC902A3F5D99AC99786F42 /* TimenBarTheme.swift */,
				D1CE8E343D513F05E7128B97 /* TimerComposerView.swift */,
				2BC185824DA49BF51AFF226E /* WeekStripView.swift */,
			);
			name = Views;
			path = Views;
			sourceTree = "<group>";
		};
		81C07556E43A8AF09D17457B /* Services */ = {
			isa = PBXGroup;
			children = (
				052BD85FDAEBC6E9962EFD12 /* AppSettings.swift */,
				C6A96DB7AB1FF5437546C85F /* ConnectivityMonitor.swift */,
				B63B17A0B72E0DB4BB0FAA3F /* IdleMonitor.swift */,
				4A61D07CF8325E6E798B5121 /* KeychainStore.swift */,
				8A888EE3A49C73AD1F861740 /* NotificationService.swift */,
				39574B82ADCA0A3DA2A62F0C /* OAuthSession.swift */,
				3CF25BA3A557CDBAC6BF7F62 /* StatusBarController.swift */,
				82979B0FB0CE2D4B7779605D /* TimenGateway.swift */,
				56D948DBAA5C6A661280DE78 /* TimenMCPGateway.swift */,
				C928638E80F7543BF7FE9582 /* UpdateController.swift */,
			);
			name = Services;
			path = Services;
			sourceTree = "<group>";
		};
		9386CD46E974BCD5AFCD5AA0 /* Frameworks */ = {
			isa = PBXGroup;
			children = (
				359050F6AFC4CB44825BEA76 /* OS X */,
			);
			name = Frameworks;
			sourceTree = "<group>";
		};
		94770F3E76D11C4F5AE66515 /* TimenBarTests */ = {
			isa = PBXGroup;
			children = (
				9A48AEE0E5B7AEB785D2D361 /* CoreBehaviorTests.swift */,
				0C2177195827062D4127587B /* KeychainStoreTests.swift */,
				C437E03AEBD9599F53813A66 /* OfflineStoreTests.swift */,
			);
			name = TimenBarTests;
			path = TimenBarTests;
			sourceTree = "<group>";
		};
		DE32EF51E031694B76EFB62F /* TimenBarUITests */ = {
			isa = PBXGroup;
			children = (
				3ED0C8A739043B9849AFD18C /* TimenBarUITests.swift */,
			);
			name = TimenBarUITests;
			path = TimenBarUITests;
			sourceTree = "<group>";
		};
		E692CF25DA837B097C10A52C = {
			isa = PBXGroup;
			children = (
				21053D720536029EB1231882 /* Products */,
				9386CD46E974BCD5AFCD5AA0 /* Frameworks */,
				3A07DE59E01268D911398080 /* TimenBar */,
				94770F3E76D11C4F5AE66515 /* TimenBarTests */,
				DE32EF51E031694B76EFB62F /* TimenBarUITests */,
			);
			sourceTree = "<group>";
		};
		EDB00E214C26C1F50302EB66 /* Persistence */ = {
			isa = PBXGroup;
			children = (
				A1C5D047ED7FBF23A76A9251 /* OfflineStore.swift */,
				631B67F61E239D6EF8352AD0 /* PersistenceModels.swift */,
				0358D6A1D91836F0A3B4D744 /* PersistenceSchema.swift */,
			);
			name = Persistence;
			path = Persistence;
			sourceTree = "<group>";
		};
/* End PBXGroup section */

/* Begin PBXNativeTarget section */
		0433F6A64A2F85EFB186BDD5 /* TimenBar */ = {
			isa = PBXNativeTarget;
			buildConfigurationList = 74A0DD2470D4874DB9076CAF /* Build configuration list for PBXNativeTarget "TimenBar" */;
			buildPhases = (
				E463F69AD98E939589F6AE7C /* Sources */,
				E09E694683B193C19035CF0A /* Frameworks */,
				34619D1E53347CF99390C08D /* Resources */,
			);
			buildRules = (
			);
			dependencies = (
			);
			name = TimenBar;
			packageProductDependencies = (
				62BC1C8E0B8BD3C7AD7FBF5C /* MCP */,
				FC141B19827B212F66C6B12F /* Sparkle */,
			);
			productName = TimenBar;
			productReference = C230FC21BC40AAC9B94F75D4 /* TimenBar.app */;
			productType = "com.apple.product-type.application";
		};
		6DD8DCDC8B4336523BE0E212 /* TimenBarUITests */ = {
			isa = PBXNativeTarget;
			buildConfigurationList = 021EC6A7B41A97B5CD14824F /* Build configuration list for PBXNativeTarget "TimenBarUITests" */;
			buildPhases = (
				3BE6C5AA0B6032022D3F121A /* Sources */,
				DFABF9846F99F6DC2EBFD37B /* Frameworks */,
				FC81D5741E2922C46AD5E48D /* Resources */,
			);
			buildRules = (
			);
			dependencies = (
				BDE41680A17CD07C8069ED85 /* PBXTargetDependency */,
			);
			name = TimenBarUITests;
			productName = TimenBarUITests;
			productReference = B13B86CE0632CD0DD81018D2 /* TimenBarUITests.xctest */;
			productType = "com.apple.product-type.bundle.ui-testing";
		};
		B9BAC67F65778273C2C003F7 /* TimenBarTests */ = {
			isa = PBXNativeTarget;
			buildConfigurationList = CECED915BEE04859C96091ED /* Build configuration list for PBXNativeTarget "TimenBarTests" */;
			buildPhases = (
				A27B22BCD6ED82215419C2B6 /* Sources */,
				4A25BF275B2451886D85BEF3 /* Frameworks */,
				8E8A0F6BB78A57431E9659C7 /* Resources */,
			);
			buildRules = (
			);
			dependencies = (
				3141509DC0D75E986ABD52B3 /* PBXTargetDependency */,
			);
			name = TimenBarTests;
			productName = TimenBarTests;
			productReference = B10841C7F227DA408DBB8890 /* TimenBarTests.xctest */;
			productType = "com.apple.product-type.bundle.unit-test";
		};
/* End PBXNativeTarget section */

/* Begin PBXProject section */
		0F491FA55DE8803964163896 /* Project object */ = {
			isa = PBXProject;
			attributes = {
				LastSwiftUpdateCheck = 2660;
				LastUpgradeCheck = 2660;
			};
			buildConfigurationList = 73CEC9E227972F7E57954C60 /* Build configuration list for PBXProject "TimenBar" */;
			compatibilityVersion = "Xcode 3.2";
			developmentRegion = en;
			hasScannedForEncodings = 0;
			knownRegions = (
				en,
				Base,
			);
			mainGroup = E692CF25DA837B097C10A52C;
			minimizedProjectReferenceProxies = 0;
			packageReferences = (
				85493A665DE55F1BDF7BBBAE /* XCRemoteSwiftPackageReference "swift-sdk" */,
				14DC8BBFF034904E850006C4 /* XCRemoteSwiftPackageReference "Sparkle" */,
			);
			preferredProjectObjectVersion = 77;
			productRefGroup = 21053D720536029EB1231882 /* Products */;
			projectDirPath = "";
			projectRoot = "";
			targets = (
				0433F6A64A2F85EFB186BDD5 /* TimenBar */,
				B9BAC67F65778273C2C003F7 /* TimenBarTests */,
				6DD8DCDC8B4336523BE0E212 /* TimenBarUITests */,
			);
		};
/* End PBXProject section */

/* Begin PBXResourcesBuildPhase section */
		34619D1E53347CF99390C08D /* Resources */ = {
			isa = PBXResourcesBuildPhase;
			buildActionMask = 2147483647;
			files = (
				7354B00A1A01649ED9661E8B /* Assets.xcassets in Resources */,
			);
			runOnlyForDeploymentPostprocessing = 0;
		};
		8E8A0F6BB78A57431E9659C7 /* Resources */ = {
			isa = PBXResourcesBuildPhase;
			buildActionMask = 2147483647;
			files = (
			);
			runOnlyForDeploymentPostprocessing = 0;
		};
		FC81D5741E2922C46AD5E48D /* Resources */ = {
			isa = PBXResourcesBuildPhase;
			buildActionMask = 2147483647;
			files = (
			);
			runOnlyForDeploymentPostprocessing = 0;
		};
/* End PBXResourcesBuildPhase section */

/* Begin PBXSourcesBuildPhase section */
		3BE6C5AA0B6032022D3F121A /* Sources */ = {
			isa = PBXSourcesBuildPhase;
			buildActionMask = 2147483647;
			files = (
				6B9051D168A3451ABE686826 /* TimenBarUITests.swift in Sources */,
			);
			runOnlyForDeploymentPostprocessing = 0;
		};
		A27B22BCD6ED82215419C2B6 /* Sources */ = {
			isa = PBXSourcesBuildPhase;
			buildActionMask = 2147483647;
			files = (
				12490A40168D966E1052CACB /* CoreBehaviorTests.swift in Sources */,
				4CCD93B1221502E434EEAE07 /* KeychainStoreTests.swift in Sources */,
				B884AADD3F1D4A84E6B54F27 /* OfflineStoreTests.swift in Sources */,
			);
			runOnlyForDeploymentPostprocessing = 0;
		};
		E463F69AD98E939589F6AE7C /* Sources */ = {
			isa = PBXSourcesBuildPhase;
			buildActionMask = 2147483647;
			files = (
				969FCD3B0988843C2627D08B /* AppModel.swift in Sources */,
				432BA9825D2463DB1C9EE71C /* DomainModels.swift in Sources */,
				58F405DF7879843FA5536A78 /* OfflineStore.swift in Sources */,
				2162F22E00D9AF048AC0D26F /* PersistenceModels.swift in Sources */,
				A56213D49A7FEC15823DEFFA /* PersistenceSchema.swift in Sources */,
				2B88CBD84854B29806155265 /* AppSettings.swift in Sources */,
				629EA20A0477B3B2BAD65A8D /* ConnectivityMonitor.swift in Sources */,
				160230106143CACAAA7E9386 /* IdleMonitor.swift in Sources */,
				BE5C5CEA5C6D1B9BCE4F38AF /* KeychainStore.swift in Sources */,
				049E960C79BBE2AC505A84A0 /* NotificationService.swift in Sources */,
				60C31FCF80EFA4DE0530507B /* OAuthSession.swift in Sources */,
				B4740A2E9984BBB92389E193 /* StatusBarController.swift in Sources */,
				937BF47AC829CE3C2206E3CA /* TimenGateway.swift in Sources */,
				4A018CF6228C195A4BDC862E /* TimenMCPGateway.swift in Sources */,
				9E4AE1BB596063777A75D74C /* UpdateController.swift in Sources */,
				F3E16250588A8D31B2061E41 /* TimenBarApp.swift in Sources */,
				223908B62F9CAB5A524C5E1F /* ConflictReviewView.swift in Sources */,
				F4AA3EA8A118F70C5E7BDD67 /* EntryRowView.swift in Sources */,
				80E1DDE21AC85EFCF1CA666F /* FavoritesStrip.swift in Sources */,
				06F850F9E0B10D9A4C059387 /* IdlePromptView.swift in Sources */,
				094D66D96BB62BC4A901DD0C /* MenuBarPanel.swift in Sources */,
				DD97E854591F2D12C6202301 /* SettingsView.swift in Sources */,
				3011E5DD8AAE7239FE561FA2 /* StatusItemLabel.swift in Sources */,
				A2969B4317B45D9A63EA024E /* TimenBarTheme.swift in Sources */,
				8543B84800AAF2C1DC215439 /* TimerComposerView.swift in Sources */,
				411824085EBBF98F446A09DF /* WeekStripView.swift in Sources */,
			);
			runOnlyForDeploymentPostprocessing = 0;
		};
/* End PBXSourcesBuildPhase section */

/* Begin PBXTargetDependency section */
		3141509DC0D75E986ABD52B3 /* PBXTargetDependency */ = {
			isa = PBXTargetDependency;
			name = TimenBar;
			target = 0433F6A64A2F85EFB186BDD5 /* TimenBar */;
			targetProxy = 90D51BADF81A438E43AA6929 /* PBXContainerItemProxy */;
		};
		BDE41680A17CD07C8069ED85 /* PBXTargetDependency */ = {
			isa = PBXTargetDependency;
			name = TimenBar;
			target = 0433F6A64A2F85EFB186BDD5 /* TimenBar */;
			targetProxy = 8E472BBDF279B1EEFA479FD2 /* PBXContainerItemProxy */;
		};
/* End PBXTargetDependency section */

/* Begin XCBuildConfiguration section */
		0F2E9E3EC96A18777DDDB0ED /* Release */ = {
			isa = XCBuildConfiguration;
			buildSettings = {
				ASSETCATALOG_COMPILER_APPICON_NAME = AppIcon;
				ASSETCATALOG_COMPILER_GLOBAL_ACCENT_COLOR_NAME = AccentColor;
				CODE_SIGN_ENTITLEMENTS = TimenBar/TimenBar.entitlements;
				CODE_SIGN_STYLE = Automatic;
				COMBINE_HIDPI_IMAGES = YES;
				CURRENT_PROJECT_VERSION = 1;
				DEAD_CODE_STRIPPING = YES;
				ENABLE_APP_SANDBOX = YES;
				ENABLE_HARDENED_RUNTIME = YES;
				GENERATE_INFOPLIST_FILE = YES;
				INFOPLIST_KEY_LSApplicationCategoryType = "public.app-category.productivity";
				INFOPLIST_KEY_LSUIElement = YES;
				INFOPLIST_KEY_NSHumanReadableCopyright = "Copyright © 2026 TimenBar contributors";
				INFOPLIST_KEY_SUFeedURL = "https://timenbar.github.io/timenbar/appcast.xml";
				INFOPLIST_KEY_SUPublicEDKey = "";
				LD_RUNPATH_SEARCH_PATHS = "$(inherited) @executable_path/../Frameworks";
				MACOSX_DEPLOYMENT_TARGET = 14.0;
				MARKETING_VERSION = 0.1.0;
				PRODUCT_BUNDLE_IDENTIFIER = app.timenbar.TimenBar;
				PRODUCT_NAME = TimenBar;
				SDKROOT = macosx;
				SWIFT_STRICT_CONCURRENCY = complete;
				SWIFT_VERSION = 6.0;
			};
			name = Release;
		};
		2E3DF710A9B0B6F0CFD96BCC /* Debug */ = {
			isa = XCBuildConfiguration;
			buildSettings = {
				ALWAYS_SEARCH_USER_PATHS = NO;
				CLANG_ANALYZER_NONNULL = YES;
				CLANG_ANALYZER_NUMBER_OBJECT_CONVERSION = YES_AGGRESSIVE;
				CLANG_CXX_LANGUAGE_STANDARD = "gnu++14";
				CLANG_CXX_LIBRARY = "libc++";
				CLANG_ENABLE_MODULES = YES;
				CLANG_ENABLE_OBJC_ARC = YES;
				CLANG_ENABLE_OBJC_WEAK = YES;
				CLANG_WARN_BLOCK_CAPTURE_AUTORELEASING = YES;
				CLANG_WARN_BOOL_CONVERSION = YES;
				CLANG_WARN_COMMA = YES;
				CLANG_WARN_CONSTANT_CONVERSION = YES;
				CLANG_WARN_DEPRECATED_OBJC_IMPLEMENTATIONS = YES;
				CLANG_WARN_DIRECT_OBJC_ISA_USAGE = YES_ERROR;
				CLANG_WARN_DOCUMENTATION_COMMENTS = YES;
				CLANG_WARN_EMPTY_BODY = YES;
				CLANG_WARN_ENUM_CONVERSION = YES;
				CLANG_WARN_INFINITE_RECURSION = YES;
				CLANG_WARN_INT_CONVERSION = YES;
				CLANG_WARN_NON_LITERAL_NULL_CONVERSION = YES;
				CLANG_WARN_OBJC_IMPLICIT_RETAIN_SELF = YES;
				CLANG_WARN_OBJC_LITERAL_CONVERSION = YES;
				CLANG_WARN_OBJC_ROOT_CLASS = YES_ERROR;
				CLANG_WARN_QUOTED_INCLUDE_IN_FRAMEWORK_HEADER = YES;
				CLANG_WARN_RANGE_LOOP_ANALYSIS = YES;
				CLANG_WARN_STRICT_PROTOTYPES = YES;
				CLANG_WARN_SUSPICIOUS_MOVE = YES;
				CLANG_WARN_UNGUARDED_AVAILABILITY = YES_AGGRESSIVE;
				CLANG_WARN_UNREACHABLE_CODE = YES;
				CLANG_WARN__DUPLICATE_METHOD_MATCH = YES;
				COPY_PHASE_STRIP = NO;
				DEBUG_INFORMATION_FORMAT = dwarf;
				ENABLE_STRICT_OBJC_MSGSEND = YES;
				ENABLE_TESTABILITY = YES;
				GCC_C_LANGUAGE_STANDARD = gnu11;
				GCC_DYNAMIC_NO_PIC = NO;
				GCC_NO_COMMON_BLOCKS = YES;
				GCC_OPTIMIZATION_LEVEL = 0;
				GCC_PREPROCESSOR_DEFINITIONS = (
					"DEBUG=1",
					"$(inherited)",
				);
				GCC_WARN_64_TO_32_BIT_CONVERSION = YES;
				GCC_WARN_ABOUT_RETURN_TYPE = YES_ERROR;
				GCC_WARN_UNDECLARED_SELECTOR = YES;
				GCC_WARN_UNINITIALIZED_AUTOS = YES_AGGRESSIVE;
				GCC_WARN_UNUSED_FUNCTION = YES;
				GCC_WARN_UNUSED_VARIABLE = YES;
				MTL_ENABLE_DEBUG_INFO = INCLUDE_SOURCE;
				MTL_FAST_MATH = YES;
				ONLY_ACTIVE_ARCH = YES;
				PRODUCT_NAME = "$(TARGET_NAME)";
				SWIFT_ACTIVE_COMPILATION_CONDITIONS = DEBUG;
				SWIFT_OPTIMIZATION_LEVEL = "-Onone";
				SWIFT_VERSION = 5.0;
			};
			name = Debug;
		};
		4FD7AB584B851A73D9A4E300 /* Debug */ = {
			isa = XCBuildConfiguration;
			buildSettings = {
				BUNDLE_LOADER = "$(TEST_HOST)";
				CODE_SIGNING_ALLOWED = NO;
				GENERATE_INFOPLIST_FILE = YES;
				MACOSX_DEPLOYMENT_TARGET = 14.0;
				PRODUCT_BUNDLE_IDENTIFIER = app.timenbar.TimenBarTests;
				SDKROOT = macosx;
				SWIFT_VERSION = 6.0;
				TEST_HOST = "$(BUILT_PRODUCTS_DIR)/TimenBar.app/Contents/MacOS/TimenBar";
			};
			name = Debug;
		};
		53BAE8AA179D6CA0D9E573F6 /* Debug */ = {
			isa = XCBuildConfiguration;
			buildSettings = {
				CODE_SIGNING_ALLOWED = NO;
				GENERATE_INFOPLIST_FILE = YES;
				MACOSX_DEPLOYMENT_TARGET = 14.0;
				PRODUCT_BUNDLE_IDENTIFIER = app.timenbar.TimenBarUITests;
				SDKROOT = macosx;
				SWIFT_STRICT_CONCURRENCY = complete;
				SWIFT_VERSION = 6.0;
				TEST_TARGET_NAME = TimenBar;
			};
			name = Debug;
		};
		599AED3081A251CC3A281A3F /* Release */ = {
			isa = XCBuildConfiguration;
			buildSettings = {
				BUNDLE_LOADER = "$(TEST_HOST)";
				CODE_SIGNING_ALLOWED = NO;
				GENERATE_INFOPLIST_FILE = YES;
				MACOSX_DEPLOYMENT_TARGET = 14.0;
				PRODUCT_BUNDLE_IDENTIFIER = app.timenbar.TimenBarTests;
				SDKROOT = macosx;
				SWIFT_VERSION = 6.0;
				TEST_HOST = "$(BUILT_PRODUCTS_DIR)/TimenBar.app/Contents/MacOS/TimenBar";
			};
			name = Release;
		};
		9795AE6B3663C66EA507DB5E /* Debug */ = {
			isa = XCBuildConfiguration;
			buildSettings = {
				ASSETCATALOG_COMPILER_APPICON_NAME = AppIcon;
				ASSETCATALOG_COMPILER_GLOBAL_ACCENT_COLOR_NAME = AccentColor;
				CODE_SIGN_ENTITLEMENTS = TimenBar/TimenBar.entitlements;
				CODE_SIGN_STYLE = Automatic;
				COMBINE_HIDPI_IMAGES = YES;
				CURRENT_PROJECT_VERSION = 1;
				DEAD_CODE_STRIPPING = YES;
				ENABLE_APP_SANDBOX = YES;
				ENABLE_HARDENED_RUNTIME = YES;
				GENERATE_INFOPLIST_FILE = YES;
				INFOPLIST_KEY_LSApplicationCategoryType = "public.app-category.productivity";
				INFOPLIST_KEY_LSUIElement = YES;
				INFOPLIST_KEY_NSHumanReadableCopyright = "Copyright © 2026 TimenBar contributors";
				INFOPLIST_KEY_SUFeedURL = "https://timenbar.github.io/timenbar/appcast.xml";
				INFOPLIST_KEY_SUPublicEDKey = "";
				LD_RUNPATH_SEARCH_PATHS = "$(inherited) @executable_path/../Frameworks";
				MACOSX_DEPLOYMENT_TARGET = 14.0;
				MARKETING_VERSION = 0.1.0;
				PRODUCT_BUNDLE_IDENTIFIER = app.timenbar.TimenBar;
				PRODUCT_NAME = TimenBar;
				SDKROOT = macosx;
				SWIFT_STRICT_CONCURRENCY = complete;
				SWIFT_VERSION = 6.0;
			};
			name = Debug;
		};
		A7F25F688D765D6D9F8EB2E6 /* Release */ = {
			isa = XCBuildConfiguration;
			buildSettings = {
				CODE_SIGNING_ALLOWED = NO;
				GENERATE_INFOPLIST_FILE = YES;
				MACOSX_DEPLOYMENT_TARGET = 14.0;
				PRODUCT_BUNDLE_IDENTIFIER = app.timenbar.TimenBarUITests;
				SDKROOT = macosx;
				SWIFT_STRICT_CONCURRENCY = complete;
				SWIFT_VERSION = 6.0;
				TEST_TARGET_NAME = TimenBar;
			};
			name = Release;
		};
		D277B08B4479258B9BB743D8 /* Release */ = {
			isa = XCBuildConfiguration;
			buildSettings = {
				ALWAYS_SEARCH_USER_PATHS = NO;
				CLANG_ANALYZER_NONNULL = YES;
				CLANG_ANALYZER_NUMBER_OBJECT_CONVERSION = YES_AGGRESSIVE;
				CLANG_CXX_LANGUAGE_STANDARD = "gnu++14";
				CLANG_CXX_LIBRARY = "libc++";
				CLANG_ENABLE_MODULES = YES;
				CLANG_ENABLE_OBJC_ARC = YES;
				CLANG_ENABLE_OBJC_WEAK = YES;
				CLANG_WARN_BLOCK_CAPTURE_AUTORELEASING = YES;
				CLANG_WARN_BOOL_CONVERSION = YES;
				CLANG_WARN_COMMA = YES;
				CLANG_WARN_CONSTANT_CONVERSION = YES;
				CLANG_WARN_DEPRECATED_OBJC_IMPLEMENTATIONS = YES;
				CLANG_WARN_DIRECT_OBJC_ISA_USAGE = YES_ERROR;
				CLANG_WARN_DOCUMENTATION_COMMENTS = YES;
				CLANG_WARN_EMPTY_BODY = YES;
				CLANG_WARN_ENUM_CONVERSION = YES;
				CLANG_WARN_INFINITE_RECURSION = YES;
				CLANG_WARN_INT_CONVERSION = YES;
				CLANG_WARN_NON_LITERAL_NULL_CONVERSION = YES;
				CLANG_WARN_OBJC_IMPLICIT_RETAIN_SELF = YES;
				CLANG_WARN_OBJC_LITERAL_CONVERSION = YES;
				CLANG_WARN_OBJC_ROOT_CLASS = YES_ERROR;
				CLANG_WARN_QUOTED_INCLUDE_IN_FRAMEWORK_HEADER = YES;
				CLANG_WARN_RANGE_LOOP_ANALYSIS = YES;
				CLANG_WARN_STRICT_PROTOTYPES = YES;
				CLANG_WARN_SUSPICIOUS_MOVE = YES;
				CLANG_WARN_UNGUARDED_AVAILABILITY = YES_AGGRESSIVE;
				CLANG_WARN_UNREACHABLE_CODE = YES;
				CLANG_WARN__DUPLICATE_METHOD_MATCH = YES;
				COPY_PHASE_STRIP = NO;
				DEBUG_INFORMATION_FORMAT = "dwarf-with-dsym";
				ENABLE_NS_ASSERTIONS = NO;
				ENABLE_STRICT_OBJC_MSGSEND = YES;
				GCC_C_LANGUAGE_STANDARD = gnu11;
				GCC_NO_COMMON_BLOCKS = YES;
				GCC_WARN_64_TO_32_BIT_CONVERSION = YES;
				GCC_WARN_ABOUT_RETURN_TYPE = YES_ERROR;
				GCC_WARN_UNDECLARED_SELECTOR = YES;
				GCC_WARN_UNINITIALIZED_AUTOS = YES_AGGRESSIVE;
				GCC_WARN_UNUSED_FUNCTION = YES;
				GCC_WARN_UNUSED_VARIABLE = YES;
				MTL_ENABLE_DEBUG_INFO = NO;
				MTL_FAST_MATH = YES;
				PRODUCT_NAME = "$(TARGET_NAME)";
				SWIFT_COMPILATION_MODE = wholemodule;
				SWIFT_OPTIMIZATION_LEVEL = "-O";
				SWIFT_VERSION = 5.0;
			};
			name = Release;
		};
/* End XCBuildConfiguration section */

/* Begin XCConfigurationList section */
		021EC6A7B41A97B5CD14824F /* Build configuration list for PBXNativeTarget "TimenBarUITests" */ = {
			isa = XCConfigurationList;
			buildConfigurations = (
				A7F25F688D765D6D9F8EB2E6 /* Release */,
				53BAE8AA179D6CA0D9E573F6 /* Debug */,
			);
			defaultConfigurationIsVisible = 0;
			defaultConfigurationName = Release;
		};
		73CEC9E227972F7E57954C60 /* Build configuration list for PBXProject "TimenBar" */ = {
			isa = XCConfigurationList;
			buildConfigurations = (
				2E3DF710A9B0B6F0CFD96BCC /* Debug */,
				D277B08B4479258B9BB743D8 /* Release */,
			);
			defaultConfigurationIsVisible = 0;
			defaultConfigurationName = Release;
		};
		74A0DD2470D4874DB9076CAF /* Build configuration list for PBXNativeTarget "TimenBar" */ = {
			isa = XCConfigurationList;
			buildConfigurations = (
				0F2E9E3EC96A18777DDDB0ED /* Release */,
				9795AE6B3663C66EA507DB5E /* Debug */,
			);
			defaultConfigurationIsVisible = 0;
			defaultConfigurationName = Release;
		};
		CECED915BEE04859C96091ED /* Build configuration list for PBXNativeTarget "TimenBarTests" */ = {
			isa = XCConfigurationList;
			buildConfigurations = (
				599AED3081A251CC3A281A3F /* Release */,
				4FD7AB584B851A73D9A4E300 /* Debug */,
			);
			defaultConfigurationIsVisible = 0;
			defaultConfigurationName = Release;
		};
/* End XCConfigurationList section */

/* Begin XCRemoteSwiftPackageReference section */
		14DC8BBFF034904E850006C4 /* XCRemoteSwiftPackageReference "Sparkle" */ = {
			isa = XCRemoteSwiftPackageReference;
			repositoryURL = "https://github.com/sparkle-project/Sparkle.git";
			requirement = {
				kind = exactVersion;
				version = 2.9.2;
			};
		};
		85493A665DE55F1BDF7BBBAE /* XCRemoteSwiftPackageReference "swift-sdk" */ = {
			isa = XCRemoteSwiftPackageReference;
			repositoryURL = "https://github.com/modelcontextprotocol/swift-sdk.git";
			requirement = {
				kind = exactVersion;
				version = 0.11.0;
			};
		};
/* End XCRemoteSwiftPackageReference section */

/* Begin XCSwiftPackageProductDependency section */
		62BC1C8E0B8BD3C7AD7FBF5C /* MCP */ = {
			isa = XCSwiftPackageProductDependency;
			package = 85493A665DE55F1BDF7BBBAE /* XCRemoteSwiftPackageReference "swift-sdk" */;
			productName = MCP;
		};
		FC141B19827B212F66C6B12F /* Sparkle */ = {
			isa = XCSwiftPackageProductDependency;
			package = 14DC8BBFF034904E850006C4 /* XCRemoteSwiftPackageReference "Sparkle" */;
			productName = Sparkle;
		};
/* End XCSwiftPackageProductDependency section */
	};
	rootObject = 0F491FA55DE8803964163896 /* Project object */;
}
