// !$*UTF8*$!
{
	archiveVersion = 1;
	classes = {
	};
	objectVersion = 46;
	objects = {

/* Begin PBXBuildFile section */
		0842329FC19DDF85B9ADFF9B /* Sparkle in Frameworks */ = {isa = PBXBuildFile; productRef = C46FA2789D751A90430F82C1 /* Sparkle */; };
		10487E36D815FFE0A36D0BFC /* IdlePromptView.swift in Sources */ = {isa = PBXBuildFile; fileRef = C83887FBE4FB829A0EF8D924 /* IdlePromptView.swift */; };
		134B2C9664BF556280CFF669 /* KeychainStoreTests.swift in Sources */ = {isa = PBXBuildFile; fileRef = BB049EB85A8DA3D22E6F728B /* KeychainStoreTests.swift */; };
		1503601E16BE4AE5E05875DB /* EntryRowView.swift in Sources */ = {isa = PBXBuildFile; fileRef = B28541ADBCB46E7DECCC0EA3 /* EntryRowView.swift */; };
		1E06CB1BA03D9F43B2325842 /* SettingsView.swift in Sources */ = {isa = PBXBuildFile; fileRef = E1CC9BC9AEDC9CEABE104C95 /* SettingsView.swift */; };
		22E2DA92F94DCC661F4A1823 /* FavoritesStrip.swift in Sources */ = {isa = PBXBuildFile; fileRef = 27DB646D4ADB9EF9EA041202 /* FavoritesStrip.swift */; };
		257661C6A49088A9891A5EE1 /* OfflineStoreTests.swift in Sources */ = {isa = PBXBuildFile; fileRef = 820E20740898FBDD082B68F3 /* OfflineStoreTests.swift */; };
		26F1D114D3F8C379B3F01A62 /* Cocoa.framework in Frameworks */ = {isa = PBXBuildFile; fileRef = 07AAAFBA4CE7671FBA0D76F3 /* Cocoa.framework */; };
		356D9B65EE3149AA0D3560C4 /* OAuthSession.swift in Sources */ = {isa = PBXBuildFile; fileRef = 9D6FF9AAE77A39A774B622B6 /* OAuthSession.swift */; };
		356E2490560FABE0B4CC6DB2 /* AppModel.swift in Sources */ = {isa = PBXBuildFile; fileRef = 77E33E6CBC631B9D55AEE5FE /* AppModel.swift */; };
		38DF8FF67449911160F0990C /* PersistenceModels.swift in Sources */ = {isa = PBXBuildFile; fileRef = A6F24C1159D40119FF27ADD9 /* PersistenceModels.swift */; };
		3AF1D30FA7A36691E1C6EFC7 /* MCP in Frameworks */ = {isa = PBXBuildFile; productRef = C25967215605B845080BBC70 /* MCP */; };
		43DD08516FED2CCBDB2B3FE0 /* NotificationService.swift in Sources */ = {isa = PBXBuildFile; fileRef = CF050F2C5C511E002F9AB3F7 /* NotificationService.swift */; };
		57649A2D1222F6C6251BF4D5 /* TimenBarTheme.swift in Sources */ = {isa = PBXBuildFile; fileRef = 52BAF3FB99A6292BA561F55B /* TimenBarTheme.swift */; };
		5D94F1BD7D52B1B5BE4EC560 /* UpdateController.swift in Sources */ = {isa = PBXBuildFile; fileRef = 95A28F5594E294C88C44015F /* UpdateController.swift */; };
		63FAA45E11EE4529375D6D8D /* TimenBarUITests.swift in Sources */ = {isa = PBXBuildFile; fileRef = 016856FC413EFD673FC23292 /* TimenBarUITests.swift */; };
		64A1904569708116A7735AA1 /* TimenMCPGateway.swift in Sources */ = {isa = PBXBuildFile; fileRef = 8B36B06EF9621A4E17087BDC /* TimenMCPGateway.swift */; };
		791EFC9152445F68F45817C5 /* ConnectivityMonitor.swift in Sources */ = {isa = PBXBuildFile; fileRef = BAEEC2DC30AABF2E94E6A5FB /* ConnectivityMonitor.swift */; };
		79D5A3BF0F0C944F758F9E87 /* OfflineStore.swift in Sources */ = {isa = PBXBuildFile; fileRef = BE5285C27A8E62BDB1AF3F88 /* OfflineStore.swift */; };
		7CE53150E45DB93727065DD7 /* IdleMonitor.swift in Sources */ = {isa = PBXBuildFile; fileRef = 01775AF6A56D2C604869C904 /* IdleMonitor.swift */; };
		8A445A666990CA35CEBC3625 /* CoreBehaviorTests.swift in Sources */ = {isa = PBXBuildFile; fileRef = 9D891CF922A106E0E70B1B4C /* CoreBehaviorTests.swift */; };
		8B64027891C60FF8692DDFDE /* KeychainStore.swift in Sources */ = {isa = PBXBuildFile; fileRef = F836F33BA42C71F966373BC1 /* KeychainStore.swift */; };
		8DCDB0679215CE4A3D7EB35A /* AppSettings.swift in Sources */ = {isa = PBXBuildFile; fileRef = 850CA1098F941A632D061453 /* AppSettings.swift */; };
		98748DC9F4E98E11E1273D42 /* MenuBarPanel.swift in Sources */ = {isa = PBXBuildFile; fileRef = FBDC08F61E3BCF083ED685DA /* MenuBarPanel.swift */; };
		A405C27DBB41164132FB121F /* DomainModels.swift in Sources */ = {isa = PBXBuildFile; fileRef = 321116F4564366EDEAFF6FC0 /* DomainModels.swift */; };
		A6B84E704B390C34669D9ED6 /* StatusItemLabel.swift in Sources */ = {isa = PBXBuildFile; fileRef = AF94882334CA4BBA62E3DACF /* StatusItemLabel.swift */; };
		B3967EBFE80E5584544F0DDD /* PersistenceSchema.swift in Sources */ = {isa = PBXBuildFile; fileRef = 9D027B0CE24DE934C3E70607 /* PersistenceSchema.swift */; };
		B7A92E666F2B4165CB4C2884 /* Cocoa.framework in Frameworks */ = {isa = PBXBuildFile; fileRef = 07AAAFBA4CE7671FBA0D76F3 /* Cocoa.framework */; };
		BF919581C8E07F6A02D1CE69 /* TimerComposerView.swift in Sources */ = {isa = PBXBuildFile; fileRef = D9C52B618F7130BE3B72D46B /* TimerComposerView.swift */; };
		C83826A2CF03A78E8562A3CE /* Assets.xcassets in Resources */ = {isa = PBXBuildFile; fileRef = 7E61C3A406122D090F94F8E6 /* Assets.xcassets */; };
		CAE5EDBF44598A1C2E22330C /* Cocoa.framework in Frameworks */ = {isa = PBXBuildFile; fileRef = 07AAAFBA4CE7671FBA0D76F3 /* Cocoa.framework */; };
		CBFB14F950556FFE6E113E49 /* OAuthSessionTests.swift in Sources */ = {isa = PBXBuildFile; fileRef = E5BC60CF71D32B2AD8319F90 /* OAuthSessionTests.swift */; };
		D7F87B503BF3FA99907962DC /* TimenBarApp.swift in Sources */ = {isa = PBXBuildFile; fileRef = 67B4C121E65BA303277DE41F /* TimenBarApp.swift */; };
		DA1DAFADF07955ECA53BDAA6 /* TimenMCPGatewayTests.swift in Sources */ = {isa = PBXBuildFile; fileRef = 1A77EBCF5E153B35CFF4F7F0 /* TimenMCPGatewayTests.swift */; };
		DC5010F2DB79552A6AC91DF0 /* StatusBarController.swift in Sources */ = {isa = PBXBuildFile; fileRef = 24CD63E2D1FCA33D1EDEA53B /* StatusBarController.swift */; };
		EB909D16A49671A84285E6C1 /* TimenGateway.swift in Sources */ = {isa = PBXBuildFile; fileRef = 17B1C23EF5531C6A81EC0A4B /* TimenGateway.swift */; };
		F2CD270576734E686AF95A23 /* WeekStripView.swift in Sources */ = {isa = PBXBuildFile; fileRef = AA36CF721ED4C805FCF454DA /* WeekStripView.swift */; };
/* End PBXBuildFile section */

/* Begin PBXContainerItemProxy section */
		6568DFF00D6B87A6BFC4E9D1 /* PBXContainerItemProxy */ = {
			isa = PBXContainerItemProxy;
			containerPortal = BF5B538F4E0BD349ED39A303 /* Project object */;
			proxyType = 1;
			remoteGlobalIDString = 716A8CF39CD87E68C09FCB52;
			remoteInfo = TimenBar;
		};
		8ABE0CDB9227E41AA44E5B52 /* PBXContainerItemProxy */ = {
			isa = PBXContainerItemProxy;
			containerPortal = BF5B538F4E0BD349ED39A303 /* Project object */;
			proxyType = 1;
			remoteGlobalIDString = 716A8CF39CD87E68C09FCB52;
			remoteInfo = TimenBar;
		};
/* End PBXContainerItemProxy section */

/* Begin PBXFileReference section */
		016856FC413EFD673FC23292 /* TimenBarUITests.swift */ = {isa = PBXFileReference; includeInIndex = 1; lastKnownFileType = sourcecode.swift; path = TimenBarUITests.swift; sourceTree = "<group>"; };
		01775AF6A56D2C604869C904 /* IdleMonitor.swift */ = {isa = PBXFileReference; includeInIndex = 1; lastKnownFileType = sourcecode.swift; path = IdleMonitor.swift; sourceTree = "<group>"; };
		07AAAFBA4CE7671FBA0D76F3 /* Cocoa.framework */ = {isa = PBXFileReference; lastKnownFileType = wrapper.framework; name = Cocoa.framework; path = Platforms/MacOSX.platform/Developer/SDKs/MacOSX15.0.sdk/System/Library/Frameworks/Cocoa.framework; sourceTree = DEVELOPER_DIR; };
		141C8CC03614BB734E427616 /* TimenBarTests.xctest */ = {isa = PBXFileReference; explicitFileType = wrapper.cfbundle; includeInIndex = 0; path = TimenBarTests.xctest; sourceTree = BUILT_PRODUCTS_DIR; };
		17B1C23EF5531C6A81EC0A4B /* TimenGateway.swift */ = {isa = PBXFileReference; includeInIndex = 1; lastKnownFileType = sourcecode.swift; path = TimenGateway.swift; sourceTree = "<group>"; };
		1A77EBCF5E153B35CFF4F7F0 /* TimenMCPGatewayTests.swift */ = {isa = PBXFileReference; includeInIndex = 1; lastKnownFileType = sourcecode.swift; path = TimenMCPGatewayTests.swift; sourceTree = "<group>"; };
		24CD63E2D1FCA33D1EDEA53B /* StatusBarController.swift */ = {isa = PBXFileReference; includeInIndex = 1; lastKnownFileType = sourcecode.swift; path = StatusBarController.swift; sourceTree = "<group>"; };
		27DB646D4ADB9EF9EA041202 /* FavoritesStrip.swift */ = {isa = PBXFileReference; includeInIndex = 1; lastKnownFileType = sourcecode.swift; path = FavoritesStrip.swift; sourceTree = "<group>"; };
		31209E0C5187CDD0EA1CB335 /* TimenBar.app */ = {isa = PBXFileReference; explicitFileType = wrapper.application; includeInIndex = 0; path = TimenBar.app; sourceTree = BUILT_PRODUCTS_DIR; };
		321116F4564366EDEAFF6FC0 /* DomainModels.swift */ = {isa = PBXFileReference; includeInIndex = 1; lastKnownFileType = sourcecode.swift; path = DomainModels.swift; sourceTree = "<group>"; };
		52BAF3FB99A6292BA561F55B /* TimenBarTheme.swift */ = {isa = PBXFileReference; includeInIndex = 1; lastKnownFileType = sourcecode.swift; path = TimenBarTheme.swift; sourceTree = "<group>"; };
		67B4C121E65BA303277DE41F /* TimenBarApp.swift */ = {isa = PBXFileReference; includeInIndex = 1; lastKnownFileType = sourcecode.swift; path = TimenBarApp.swift; sourceTree = "<group>"; };
		6A6A2404AC3DE2A55ACADEAB /* TimenBarUITests.xctest */ = {isa = PBXFileReference; explicitFileType = wrapper.cfbundle; includeInIndex = 0; path = TimenBarUITests.xctest; sourceTree = BUILT_PRODUCTS_DIR; };
		77E33E6CBC631B9D55AEE5FE /* AppModel.swift */ = {isa = PBXFileReference; includeInIndex = 1; lastKnownFileType = sourcecode.swift; path = AppModel.swift; sourceTree = "<group>"; };
		7E61C3A406122D090F94F8E6 /* Assets.xcassets */ = {isa = PBXFileReference; includeInIndex = 1; lastKnownFileType = folder.assetcatalog; path = Assets.xcassets; sourceTree = "<group>"; };
		820E20740898FBDD082B68F3 /* OfflineStoreTests.swift */ = {isa = PBXFileReference; includeInIndex = 1; lastKnownFileType = sourcecode.swift; path = OfflineStoreTests.swift; sourceTree = "<group>"; };
		850CA1098F941A632D061453 /* AppSettings.swift */ = {isa = PBXFileReference; includeInIndex = 1; lastKnownFileType = sourcecode.swift; path = AppSettings.swift; sourceTree = "<group>"; };
		8B36B06EF9621A4E17087BDC /* TimenMCPGateway.swift */ = {isa = PBXFileReference; includeInIndex = 1; lastKnownFileType = sourcecode.swift; path = TimenMCPGateway.swift; sourceTree = "<group>"; };
		95A28F5594E294C88C44015F /* UpdateController.swift */ = {isa = PBXFileReference; includeInIndex = 1; lastKnownFileType = sourcecode.swift; path = UpdateController.swift; sourceTree = "<group>"; };
		9D027B0CE24DE934C3E70607 /* PersistenceSchema.swift */ = {isa = PBXFileReference; includeInIndex = 1; lastKnownFileType = sourcecode.swift; path = PersistenceSchema.swift; sourceTree = "<group>"; };
		9D6FF9AAE77A39A774B622B6 /* OAuthSession.swift */ = {isa = PBXFileReference; includeInIndex = 1; lastKnownFileType = sourcecode.swift; path = OAuthSession.swift; sourceTree = "<group>"; };
		9D891CF922A106E0E70B1B4C /* CoreBehaviorTests.swift */ = {isa = PBXFileReference; includeInIndex = 1; lastKnownFileType = sourcecode.swift; path = CoreBehaviorTests.swift; sourceTree = "<group>"; };
		A6F24C1159D40119FF27ADD9 /* PersistenceModels.swift */ = {isa = PBXFileReference; includeInIndex = 1; lastKnownFileType = sourcecode.swift; path = PersistenceModels.swift; sourceTree = "<group>"; };
		AA36CF721ED4C805FCF454DA /* WeekStripView.swift */ = {isa = PBXFileReference; includeInIndex = 1; lastKnownFileType = sourcecode.swift; path = WeekStripView.swift; sourceTree = "<group>"; };
		AF94882334CA4BBA62E3DACF /* StatusItemLabel.swift */ = {isa = PBXFileReference; includeInIndex = 1; lastKnownFileType = sourcecode.swift; path = StatusItemLabel.swift; sourceTree = "<group>"; };
		B28541ADBCB46E7DECCC0EA3 /* EntryRowView.swift */ = {isa = PBXFileReference; includeInIndex = 1; lastKnownFileType = sourcecode.swift; path = EntryRowView.swift; sourceTree = "<group>"; };
		BAEEC2DC30AABF2E94E6A5FB /* ConnectivityMonitor.swift */ = {isa = PBXFileReference; includeInIndex = 1; lastKnownFileType = sourcecode.swift; path = ConnectivityMonitor.swift; sourceTree = "<group>"; };
		BB049EB85A8DA3D22E6F728B /* KeychainStoreTests.swift */ = {isa = PBXFileReference; includeInIndex = 1; lastKnownFileType = sourcecode.swift; path = KeychainStoreTests.swift; sourceTree = "<group>"; };
		BE5285C27A8E62BDB1AF3F88 /* OfflineStore.swift */ = {isa = PBXFileReference; includeInIndex = 1; lastKnownFileType = sourcecode.swift; path = OfflineStore.swift; sourceTree = "<group>"; };
		C83887FBE4FB829A0EF8D924 /* IdlePromptView.swift */ = {isa = PBXFileReference; includeInIndex = 1; lastKnownFileType = sourcecode.swift; path = IdlePromptView.swift; sourceTree = "<group>"; };
		CF050F2C5C511E002F9AB3F7 /* NotificationService.swift */ = {isa = PBXFileReference; includeInIndex = 1; lastKnownFileType = sourcecode.swift; path = NotificationService.swift; sourceTree = "<group>"; };
		D9C52B618F7130BE3B72D46B /* TimerComposerView.swift */ = {isa = PBXFileReference; includeInIndex = 1; lastKnownFileType = sourcecode.swift; path = TimerComposerView.swift; sourceTree = "<group>"; };
		E1CC9BC9AEDC9CEABE104C95 /* SettingsView.swift */ = {isa = PBXFileReference; includeInIndex = 1; lastKnownFileType = sourcecode.swift; path = SettingsView.swift; sourceTree = "<group>"; };
		E5BC60CF71D32B2AD8319F90 /* OAuthSessionTests.swift */ = {isa = PBXFileReference; includeInIndex = 1; lastKnownFileType = sourcecode.swift; path = OAuthSessionTests.swift; sourceTree = "<group>"; };
		F836F33BA42C71F966373BC1 /* KeychainStore.swift */ = {isa = PBXFileReference; includeInIndex = 1; lastKnownFileType = sourcecode.swift; path = KeychainStore.swift; sourceTree = "<group>"; };
		FBDC08F61E3BCF083ED685DA /* MenuBarPanel.swift */ = {isa = PBXFileReference; includeInIndex = 1; lastKnownFileType = sourcecode.swift; path = MenuBarPanel.swift; sourceTree = "<group>"; };
/* End PBXFileReference section */

/* Begin PBXFrameworksBuildPhase section */
		1A18F47B5D9461568EFFF7DC /* Frameworks */ = {
			isa = PBXFrameworksBuildPhase;
			buildActionMask = 2147483647;
			files = (
				B7A92E666F2B4165CB4C2884 /* Cocoa.framework in Frameworks */,
			);
			runOnlyForDeploymentPostprocessing = 0;
		};
		21040CD2FC8B24BBE7627AE3 /* Frameworks */ = {
			isa = PBXFrameworksBuildPhase;
			buildActionMask = 2147483647;
			files = (
				26F1D114D3F8C379B3F01A62 /* Cocoa.framework in Frameworks */,
			);
			runOnlyForDeploymentPostprocessing = 0;
		};
		C74EA55F6D3CA1C1D4D21D84 /* Frameworks */ = {
			isa = PBXFrameworksBuildPhase;
			buildActionMask = 2147483647;
			files = (
				CAE5EDBF44598A1C2E22330C /* Cocoa.framework in Frameworks */,
				3AF1D30FA7A36691E1C6EFC7 /* MCP in Frameworks */,
				0842329FC19DDF85B9ADFF9B /* Sparkle in Frameworks */,
			);
			runOnlyForDeploymentPostprocessing = 0;
		};
/* End PBXFrameworksBuildPhase section */

/* Begin PBXGroup section */
		00840C4DF572E7CD4307FB4F /* Services */ = {
			isa = PBXGroup;
			children = (
				850CA1098F941A632D061453 /* AppSettings.swift */,
				BAEEC2DC30AABF2E94E6A5FB /* ConnectivityMonitor.swift */,
				01775AF6A56D2C604869C904 /* IdleMonitor.swift */,
				F836F33BA42C71F966373BC1 /* KeychainStore.swift */,
				CF050F2C5C511E002F9AB3F7 /* NotificationService.swift */,
				9D6FF9AAE77A39A774B622B6 /* OAuthSession.swift */,
				24CD63E2D1FCA33D1EDEA53B /* StatusBarController.swift */,
				17B1C23EF5531C6A81EC0A4B /* TimenGateway.swift */,
				8B36B06EF9621A4E17087BDC /* TimenMCPGateway.swift */,
				95A28F5594E294C88C44015F /* UpdateController.swift */,
			);
			name = Services;
			path = Services;
			sourceTree = "<group>";
		};
		14A523C11CA66615AF2B2A80 /* TimenBarUITests */ = {
			isa = PBXGroup;
			children = (
				016856FC413EFD673FC23292 /* TimenBarUITests.swift */,
			);
			name = TimenBarUITests;
			path = TimenBarUITests;
			sourceTree = "<group>";
		};
		4CA5EAF7311A92043E4963B9 = {
			isa = PBXGroup;
			children = (
				E022BDAD321007A01EB70969 /* Products */,
				7E0235F3BCE492B860806822 /* Frameworks */,
				72DEFC7409079C595C6FA946 /* TimenBar */,
				EBC9A21A254BABBFCFF0FFBB /* TimenBarTests */,
				14A523C11CA66615AF2B2A80 /* TimenBarUITests */,
			);
			sourceTree = "<group>";
		};
		72DEFC7409079C595C6FA946 /* TimenBar */ = {
			isa = PBXGroup;
			children = (
				7E61C3A406122D090F94F8E6 /* Assets.xcassets */,
				BACFC8F8F1A1DD60721EDCBA /* Models */,
				77D20552758061BD40CEE00B /* Persistence */,
				00840C4DF572E7CD4307FB4F /* Services */,
				67B4C121E65BA303277DE41F /* TimenBarApp.swift */,
				F29AE66F0978FB872D830CF4 /* Views */,
			);
			name = TimenBar;
			path = TimenBar;
			sourceTree = "<group>";
		};
		77D20552758061BD40CEE00B /* Persistence */ = {
			isa = PBXGroup;
			children = (
				BE5285C27A8E62BDB1AF3F88 /* OfflineStore.swift */,
				A6F24C1159D40119FF27ADD9 /* PersistenceModels.swift */,
				9D027B0CE24DE934C3E70607 /* PersistenceSchema.swift */,
			);
			name = Persistence;
			path = Persistence;
			sourceTree = "<group>";
		};
		7E0235F3BCE492B860806822 /* Frameworks */ = {
			isa = PBXGroup;
			children = (
				A91F60DD5B370FCE14F26352 /* OS X */,
			);
			name = Frameworks;
			sourceTree = "<group>";
		};
		A91F60DD5B370FCE14F26352 /* OS X */ = {
			isa = PBXGroup;
			children = (
				07AAAFBA4CE7671FBA0D76F3 /* Cocoa.framework */,
			);
			name = "OS X";
			sourceTree = "<group>";
		};
		BACFC8F8F1A1DD60721EDCBA /* Models */ = {
			isa = PBXGroup;
			children = (
				77E33E6CBC631B9D55AEE5FE /* AppModel.swift */,
				321116F4564366EDEAFF6FC0 /* DomainModels.swift */,
			);
			name = Models;
			path = Models;
			sourceTree = "<group>";
		};
		E022BDAD321007A01EB70969 /* Products */ = {
			isa = PBXGroup;
			children = (
				31209E0C5187CDD0EA1CB335 /* TimenBar.app */,
				141C8CC03614BB734E427616 /* TimenBarTests.xctest */,
				6A6A2404AC3DE2A55ACADEAB /* TimenBarUITests.xctest */,
			);
			name = Products;
			sourceTree = "<group>";
		};
		EBC9A21A254BABBFCFF0FFBB /* TimenBarTests */ = {
			isa = PBXGroup;
			children = (
				9D891CF922A106E0E70B1B4C /* CoreBehaviorTests.swift */,
				BB049EB85A8DA3D22E6F728B /* KeychainStoreTests.swift */,
				E5BC60CF71D32B2AD8319F90 /* OAuthSessionTests.swift */,
				820E20740898FBDD082B68F3 /* OfflineStoreTests.swift */,
				1A77EBCF5E153B35CFF4F7F0 /* TimenMCPGatewayTests.swift */,
			);
			name = TimenBarTests;
			path = TimenBarTests;
			sourceTree = "<group>";
		};
		F29AE66F0978FB872D830CF4 /* Views */ = {
			isa = PBXGroup;
			children = (
				B28541ADBCB46E7DECCC0EA3 /* EntryRowView.swift */,
				27DB646D4ADB9EF9EA041202 /* FavoritesStrip.swift */,
				C83887FBE4FB829A0EF8D924 /* IdlePromptView.swift */,
				FBDC08F61E3BCF083ED685DA /* MenuBarPanel.swift */,
				E1CC9BC9AEDC9CEABE104C95 /* SettingsView.swift */,
				AF94882334CA4BBA62E3DACF /* StatusItemLabel.swift */,
				52BAF3FB99A6292BA561F55B /* TimenBarTheme.swift */,
				D9C52B618F7130BE3B72D46B /* TimerComposerView.swift */,
				AA36CF721ED4C805FCF454DA /* WeekStripView.swift */,
			);
			name = Views;
			path = Views;
			sourceTree = "<group>";
		};
/* End PBXGroup section */

/* Begin PBXNativeTarget section */
		6E9AB1ECC9495A784691270D /* TimenBarTests */ = {
			isa = PBXNativeTarget;
			buildConfigurationList = A273DFC1D791F2D114162A99 /* Build configuration list for PBXNativeTarget "TimenBarTests" */;
			buildPhases = (
				8CE4999542845AE001CFBFA5 /* Sources */,
				1A18F47B5D9461568EFFF7DC /* Frameworks */,
				693B2AF2DF982865FF273333 /* Resources */,
			);
			buildRules = (
			);
			dependencies = (
				0E3E4CBDAEABAD0164D8F96E /* PBXTargetDependency */,
			);
			name = TimenBarTests;
			productName = TimenBarTests;
			productReference = 141C8CC03614BB734E427616 /* TimenBarTests.xctest */;
			productType = "com.apple.product-type.bundle.unit-test";
		};
		716A8CF39CD87E68C09FCB52 /* TimenBar */ = {
			isa = PBXNativeTarget;
			buildConfigurationList = F542363974C825ACBC9FECE9 /* Build configuration list for PBXNativeTarget "TimenBar" */;
			buildPhases = (
				1154AB57B2AFB5F5C9E35A45 /* Sources */,
				C74EA55F6D3CA1C1D4D21D84 /* Frameworks */,
				53DCBF7BFDF04AB73A63FE83 /* Resources */,
			);
			buildRules = (
			);
			dependencies = (
			);
			name = TimenBar;
			packageProductDependencies = (
				C25967215605B845080BBC70 /* MCP */,
				C46FA2789D751A90430F82C1 /* Sparkle */,
			);
			productName = TimenBar;
			productReference = 31209E0C5187CDD0EA1CB335 /* TimenBar.app */;
			productType = "com.apple.product-type.application";
		};
		CF4943E46E0E7AB800240878 /* TimenBarUITests */ = {
			isa = PBXNativeTarget;
			buildConfigurationList = 1840682E3D2F26BF4248C353 /* Build configuration list for PBXNativeTarget "TimenBarUITests" */;
			buildPhases = (
				82C7038680D3A6B7204AF8FB /* Sources */,
				21040CD2FC8B24BBE7627AE3 /* Frameworks */,
				F06C24A5BC6C1BA80F405F95 /* Resources */,
			);
			buildRules = (
			);
			dependencies = (
				5667834E0259801888E0DB10 /* PBXTargetDependency */,
			);
			name = TimenBarUITests;
			productName = TimenBarUITests;
			productReference = 6A6A2404AC3DE2A55ACADEAB /* TimenBarUITests.xctest */;
			productType = "com.apple.product-type.bundle.ui-testing";
		};
/* End PBXNativeTarget section */

/* Begin PBXProject section */
		BF5B538F4E0BD349ED39A303 /* Project object */ = {
			isa = PBXProject;
			attributes = {
				LastSwiftUpdateCheck = 2660;
				LastUpgradeCheck = 2660;
			};
			buildConfigurationList = 0AFBD067D3E956BEC16BD816 /* Build configuration list for PBXProject "TimenBar" */;
			compatibilityVersion = "Xcode 3.2";
			developmentRegion = en;
			hasScannedForEncodings = 0;
			knownRegions = (
				en,
				Base,
			);
			mainGroup = 4CA5EAF7311A92043E4963B9;
			minimizedProjectReferenceProxies = 0;
			packageReferences = (
				9559DF6CF393BF715EF7681E /* XCRemoteSwiftPackageReference "swift-sdk" */,
				125BD098C0F5A7EABF0CC2B0 /* XCRemoteSwiftPackageReference "Sparkle" */,
			);
			preferredProjectObjectVersion = 77;
			productRefGroup = E022BDAD321007A01EB70969 /* Products */;
			projectDirPath = "";
			projectRoot = "";
			targets = (
				716A8CF39CD87E68C09FCB52 /* TimenBar */,
				6E9AB1ECC9495A784691270D /* TimenBarTests */,
				CF4943E46E0E7AB800240878 /* TimenBarUITests */,
			);
		};
/* End PBXProject section */

/* Begin PBXResourcesBuildPhase section */
		53DCBF7BFDF04AB73A63FE83 /* Resources */ = {
			isa = PBXResourcesBuildPhase;
			buildActionMask = 2147483647;
			files = (
				C83826A2CF03A78E8562A3CE /* Assets.xcassets in Resources */,
			);
			runOnlyForDeploymentPostprocessing = 0;
		};
		693B2AF2DF982865FF273333 /* Resources */ = {
			isa = PBXResourcesBuildPhase;
			buildActionMask = 2147483647;
			files = (
			);
			runOnlyForDeploymentPostprocessing = 0;
		};
		F06C24A5BC6C1BA80F405F95 /* Resources */ = {
			isa = PBXResourcesBuildPhase;
			buildActionMask = 2147483647;
			files = (
			);
			runOnlyForDeploymentPostprocessing = 0;
		};
/* End PBXResourcesBuildPhase section */

/* Begin PBXSourcesBuildPhase section */
		1154AB57B2AFB5F5C9E35A45 /* Sources */ = {
			isa = PBXSourcesBuildPhase;
			buildActionMask = 2147483647;
			files = (
				356E2490560FABE0B4CC6DB2 /* AppModel.swift in Sources */,
				A405C27DBB41164132FB121F /* DomainModels.swift in Sources */,
				79D5A3BF0F0C944F758F9E87 /* OfflineStore.swift in Sources */,
				38DF8FF67449911160F0990C /* PersistenceModels.swift in Sources */,
				B3967EBFE80E5584544F0DDD /* PersistenceSchema.swift in Sources */,
				8DCDB0679215CE4A3D7EB35A /* AppSettings.swift in Sources */,
				791EFC9152445F68F45817C5 /* ConnectivityMonitor.swift in Sources */,
				7CE53150E45DB93727065DD7 /* IdleMonitor.swift in Sources */,
				8B64027891C60FF8692DDFDE /* KeychainStore.swift in Sources */,
				43DD08516FED2CCBDB2B3FE0 /* NotificationService.swift in Sources */,
				356D9B65EE3149AA0D3560C4 /* OAuthSession.swift in Sources */,
				DC5010F2DB79552A6AC91DF0 /* StatusBarController.swift in Sources */,
				EB909D16A49671A84285E6C1 /* TimenGateway.swift in Sources */,
				64A1904569708116A7735AA1 /* TimenMCPGateway.swift in Sources */,
				5D94F1BD7D52B1B5BE4EC560 /* UpdateController.swift in Sources */,
				D7F87B503BF3FA99907962DC /* TimenBarApp.swift in Sources */,
				1503601E16BE4AE5E05875DB /* EntryRowView.swift in Sources */,
				22E2DA92F94DCC661F4A1823 /* FavoritesStrip.swift in Sources */,
				10487E36D815FFE0A36D0BFC /* IdlePromptView.swift in Sources */,
				98748DC9F4E98E11E1273D42 /* MenuBarPanel.swift in Sources */,
				1E06CB1BA03D9F43B2325842 /* SettingsView.swift in Sources */,
				A6B84E704B390C34669D9ED6 /* StatusItemLabel.swift in Sources */,
				57649A2D1222F6C6251BF4D5 /* TimenBarTheme.swift in Sources */,
				BF919581C8E07F6A02D1CE69 /* TimerComposerView.swift in Sources */,
				F2CD270576734E686AF95A23 /* WeekStripView.swift in Sources */,
			);
			runOnlyForDeploymentPostprocessing = 0;
		};
		82C7038680D3A6B7204AF8FB /* Sources */ = {
			isa = PBXSourcesBuildPhase;
			buildActionMask = 2147483647;
			files = (
				63FAA45E11EE4529375D6D8D /* TimenBarUITests.swift in Sources */,
			);
			runOnlyForDeploymentPostprocessing = 0;
		};
		8CE4999542845AE001CFBFA5 /* Sources */ = {
			isa = PBXSourcesBuildPhase;
			buildActionMask = 2147483647;
			files = (
				8A445A666990CA35CEBC3625 /* CoreBehaviorTests.swift in Sources */,
				134B2C9664BF556280CFF669 /* KeychainStoreTests.swift in Sources */,
				CBFB14F950556FFE6E113E49 /* OAuthSessionTests.swift in Sources */,
				257661C6A49088A9891A5EE1 /* OfflineStoreTests.swift in Sources */,
				DA1DAFADF07955ECA53BDAA6 /* TimenMCPGatewayTests.swift in Sources */,
			);
			runOnlyForDeploymentPostprocessing = 0;
		};
/* End PBXSourcesBuildPhase section */

/* Begin PBXTargetDependency section */
		0E3E4CBDAEABAD0164D8F96E /* PBXTargetDependency */ = {
			isa = PBXTargetDependency;
			name = TimenBar;
			target = 716A8CF39CD87E68C09FCB52 /* TimenBar */;
			targetProxy = 8ABE0CDB9227E41AA44E5B52 /* PBXContainerItemProxy */;
		};
		5667834E0259801888E0DB10 /* PBXTargetDependency */ = {
			isa = PBXTargetDependency;
			name = TimenBar;
			target = 716A8CF39CD87E68C09FCB52 /* TimenBar */;
			targetProxy = 6568DFF00D6B87A6BFC4E9D1 /* PBXContainerItemProxy */;
		};
/* End PBXTargetDependency section */

/* Begin XCBuildConfiguration section */
		19A7C776E587034597CA6926 /* Release */ = {
			isa = XCBuildConfiguration;
			buildSettings = {
				CODE_SIGNING_ALLOWED = NO;
				GENERATE_INFOPLIST_FILE = YES;
				MACOSX_DEPLOYMENT_TARGET = 14.0;
				PRODUCT_BUNDLE_IDENTIFIER = app.timenbar.TimenBarUITests;
				SDKROOT = macosx;
				SWIFT_STRICT_CONCURRENCY = complete;
				SWIFT_VERSION = 6.0;
				TEST_TARGET_NAME = TimenBar;
			};
			name = Release;
		};
		2A298900F08FC9B7D986C81D /* Debug */ = {
			isa = XCBuildConfiguration;
			buildSettings = {
				ALWAYS_SEARCH_USER_PATHS = NO;
				CLANG_ANALYZER_NONNULL = YES;
				CLANG_ANALYZER_NUMBER_OBJECT_CONVERSION = YES_AGGRESSIVE;
				CLANG_CXX_LANGUAGE_STANDARD = "gnu++14";
				CLANG_CXX_LIBRARY = "libc++";
				CLANG_ENABLE_MODULES = YES;
				CLANG_ENABLE_OBJC_ARC = YES;
				CLANG_ENABLE_OBJC_WEAK = YES;
				CLANG_WARN_BLOCK_CAPTURE_AUTORELEASING = YES;
				CLANG_WARN_BOOL_CONVERSION = YES;
				CLANG_WARN_COMMA = YES;
				CLANG_WARN_CONSTANT_CONVERSION = YES;
				CLANG_WARN_DEPRECATED_OBJC_IMPLEMENTATIONS = YES;
				CLANG_WARN_DIRECT_OBJC_ISA_USAGE = YES_ERROR;
				CLANG_WARN_DOCUMENTATION_COMMENTS = YES;
				CLANG_WARN_EMPTY_BODY = YES;
				CLANG_WARN_ENUM_CONVERSION = YES;
				CLANG_WARN_INFINITE_RECURSION = YES;
				CLANG_WARN_INT_CONVERSION = YES;
				CLANG_WARN_NON_LITERAL_NULL_CONVERSION = YES;
				CLANG_WARN_OBJC_IMPLICIT_RETAIN_SELF = YES;
				CLANG_WARN_OBJC_LITERAL_CONVERSION = YES;
				CLANG_WARN_OBJC_ROOT_CLASS = YES_ERROR;
				CLANG_WARN_QUOTED_INCLUDE_IN_FRAMEWORK_HEADER = YES;
				CLANG_WARN_RANGE_LOOP_ANALYSIS = YES;
				CLANG_WARN_STRICT_PROTOTYPES = YES;
				CLANG_WARN_SUSPICIOUS_MOVE = YES;
				CLANG_WARN_UNGUARDED_AVAILABILITY = YES_AGGRESSIVE;
				CLANG_WARN_UNREACHABLE_CODE = YES;
				CLANG_WARN__DUPLICATE_METHOD_MATCH = YES;
				COPY_PHASE_STRIP = NO;
				DEBUG_INFORMATION_FORMAT = dwarf;
				ENABLE_STRICT_OBJC_MSGSEND = YES;
				ENABLE_TESTABILITY = YES;
				GCC_C_LANGUAGE_STANDARD = gnu11;
				GCC_DYNAMIC_NO_PIC = NO;
				GCC_NO_COMMON_BLOCKS = YES;
				GCC_OPTIMIZATION_LEVEL = 0;
				GCC_PREPROCESSOR_DEFINITIONS = (
					"DEBUG=1",
					"$(inherited)",
				);
				GCC_WARN_64_TO_32_BIT_CONVERSION = YES;
				GCC_WARN_ABOUT_RETURN_TYPE = YES_ERROR;
				GCC_WARN_UNDECLARED_SELECTOR = YES;
				GCC_WARN_UNINITIALIZED_AUTOS = YES_AGGRESSIVE;
				GCC_WARN_UNUSED_FUNCTION = YES;
				GCC_WARN_UNUSED_VARIABLE = YES;
				MTL_ENABLE_DEBUG_INFO = INCLUDE_SOURCE;
				MTL_FAST_MATH = YES;
				ONLY_ACTIVE_ARCH = YES;
				PRODUCT_NAME = "$(TARGET_NAME)";
				SWIFT_ACTIVE_COMPILATION_CONDITIONS = DEBUG;
				SWIFT_OPTIMIZATION_LEVEL = "-Onone";
				SWIFT_VERSION = 5.0;
			};
			name = Debug;
		};
		36B1FE3F2D3A3736CC33DDB8 /* Release */ = {
			isa = XCBuildConfiguration;
			buildSettings = {
				BUNDLE_LOADER = "$(TEST_HOST)";
				CODE_SIGNING_ALLOWED = NO;
				GENERATE_INFOPLIST_FILE = YES;
				MACOSX_DEPLOYMENT_TARGET = 14.0;
				PRODUCT_BUNDLE_IDENTIFIER = app.timenbar.TimenBarTests;
				SDKROOT = macosx;
				SWIFT_VERSION = 6.0;
				TEST_HOST = "$(BUILT_PRODUCTS_DIR)/TimenBar.app/Contents/MacOS/TimenBar";
			};
			name = Release;
		};
		3E789671346B02986A576DBC /* Release */ = {
			isa = XCBuildConfiguration;
			buildSettings = {
				ASSETCATALOG_COMPILER_APPICON_NAME = AppIcon;
				ASSETCATALOG_COMPILER_GLOBAL_ACCENT_COLOR_NAME = AccentColor;
				CODE_SIGN_ENTITLEMENTS = TimenBar/TimenBar.entitlements;
				CODE_SIGN_STYLE = Automatic;
				COMBINE_HIDPI_IMAGES = YES;
				CURRENT_PROJECT_VERSION = 11;
				DEAD_CODE_STRIPPING = YES;
				DEVELOPMENT_TEAM = MMJZRMH2BA;
				ENABLE_APP_SANDBOX = YES;
				ENABLE_HARDENED_RUNTIME = YES;
				GENERATE_INFOPLIST_FILE = YES;
				INFOPLIST_FILE = TimenBar/Info.plist;
				INFOPLIST_KEY_LSApplicationCategoryType = "public.app-category.productivity";
				INFOPLIST_KEY_LSUIElement = YES;
				INFOPLIST_KEY_NSHumanReadableCopyright = "Copyright © 2026 TimenBar contributors";
				LD_RUNPATH_SEARCH_PATHS = "$(inherited) @executable_path/../Frameworks";
				MACOSX_DEPLOYMENT_TARGET = 14.0;
				MARKETING_VERSION = 0.1.9;
				PRODUCT_BUNDLE_IDENTIFIER = app.timenbar.TimenBar;
				PRODUCT_NAME = TimenBar;
				SDKROOT = macosx;
				SWIFT_STRICT_CONCURRENCY = complete;
				SWIFT_VERSION = 6.0;
			};
			name = Release;
		};
		56AD478E8EE61B626EB15218 /* Release */ = {
			isa = XCBuildConfiguration;
			buildSettings = {
				ALWAYS_SEARCH_USER_PATHS = NO;
				CLANG_ANALYZER_NONNULL = YES;
				CLANG_ANALYZER_NUMBER_OBJECT_CONVERSION = YES_AGGRESSIVE;
				CLANG_CXX_LANGUAGE_STANDARD = "gnu++14";
				CLANG_CXX_LIBRARY = "libc++";
				CLANG_ENABLE_MODULES = YES;
				CLANG_ENABLE_OBJC_ARC = YES;
				CLANG_ENABLE_OBJC_WEAK = YES;
				CLANG_WARN_BLOCK_CAPTURE_AUTORELEASING = YES;
				CLANG_WARN_BOOL_CONVERSION = YES;
				CLANG_WARN_COMMA = YES;
				CLANG_WARN_CONSTANT_CONVERSION = YES;
				CLANG_WARN_DEPRECATED_OBJC_IMPLEMENTATIONS = YES;
				CLANG_WARN_DIRECT_OBJC_ISA_USAGE = YES_ERROR;
				CLANG_WARN_DOCUMENTATION_COMMENTS = YES;
				CLANG_WARN_EMPTY_BODY = YES;
				CLANG_WARN_ENUM_CONVERSION = YES;
				CLANG_WARN_INFINITE_RECURSION = YES;
				CLANG_WARN_INT_CONVERSION = YES;
				CLANG_WARN_NON_LITERAL_NULL_CONVERSION = YES;
				CLANG_WARN_OBJC_IMPLICIT_RETAIN_SELF = YES;
				CLANG_WARN_OBJC_LITERAL_CONVERSION = YES;
				CLANG_WARN_OBJC_ROOT_CLASS = YES_ERROR;
				CLANG_WARN_QUOTED_INCLUDE_IN_FRAMEWORK_HEADER = YES;
				CLANG_WARN_RANGE_LOOP_ANALYSIS = YES;
				CLANG_WARN_STRICT_PROTOTYPES = YES;
				CLANG_WARN_SUSPICIOUS_MOVE = YES;
				CLANG_WARN_UNGUARDED_AVAILABILITY = YES_AGGRESSIVE;
				CLANG_WARN_UNREACHABLE_CODE = YES;
				CLANG_WARN__DUPLICATE_METHOD_MATCH = YES;
				COPY_PHASE_STRIP = NO;
				DEBUG_INFORMATION_FORMAT = "dwarf-with-dsym";
				ENABLE_NS_ASSERTIONS = NO;
				ENABLE_STRICT_OBJC_MSGSEND = YES;
				GCC_C_LANGUAGE_STANDARD = gnu11;
				GCC_NO_COMMON_BLOCKS = YES;
				GCC_WARN_64_TO_32_BIT_CONVERSION = YES;
				GCC_WARN_ABOUT_RETURN_TYPE = YES_ERROR;
				GCC_WARN_UNDECLARED_SELECTOR = YES;
				GCC_WARN_UNINITIALIZED_AUTOS = YES_AGGRESSIVE;
				GCC_WARN_UNUSED_FUNCTION = YES;
				GCC_WARN_UNUSED_VARIABLE = YES;
				MTL_ENABLE_DEBUG_INFO = NO;
				MTL_FAST_MATH = YES;
				PRODUCT_NAME = "$(TARGET_NAME)";
				SWIFT_COMPILATION_MODE = wholemodule;
				SWIFT_OPTIMIZATION_LEVEL = "-O";
				SWIFT_VERSION = 5.0;
			};
			name = Release;
		};
		67A6425173A6444858880AE8 /* Debug */ = {
			isa = XCBuildConfiguration;
			buildSettings = {
				CODE_SIGNING_ALLOWED = NO;
				GENERATE_INFOPLIST_FILE = YES;
				MACOSX_DEPLOYMENT_TARGET = 14.0;
				PRODUCT_BUNDLE_IDENTIFIER = app.timenbar.TimenBarUITests;
				SDKROOT = macosx;
				SWIFT_STRICT_CONCURRENCY = complete;
				SWIFT_VERSION = 6.0;
				TEST_TARGET_NAME = TimenBar;
			};
			name = Debug;
		};
		8191626E660F326ADF5E2BE5 /* Debug */ = {
			isa = XCBuildConfiguration;
			buildSettings = {
				ASSETCATALOG_COMPILER_APPICON_NAME = AppIcon;
				ASSETCATALOG_COMPILER_GLOBAL_ACCENT_COLOR_NAME = AccentColor;
				CODE_SIGN_ENTITLEMENTS = TimenBar/TimenBar.entitlements;
				CODE_SIGN_STYLE = Automatic;
				COMBINE_HIDPI_IMAGES = YES;
				CURRENT_PROJECT_VERSION = 11;
				DEAD_CODE_STRIPPING = YES;
				DEVELOPMENT_TEAM = MMJZRMH2BA;
				ENABLE_APP_SANDBOX = YES;
				ENABLE_HARDENED_RUNTIME = YES;
				GENERATE_INFOPLIST_FILE = YES;
				INFOPLIST_FILE = TimenBar/Info.plist;
				INFOPLIST_KEY_LSApplicationCategoryType = "public.app-category.productivity";
				INFOPLIST_KEY_LSUIElement = YES;
				INFOPLIST_KEY_NSHumanReadableCopyright = "Copyright © 2026 TimenBar contributors";
				LD_RUNPATH_SEARCH_PATHS = "$(inherited) @executable_path/../Frameworks";
				MACOSX_DEPLOYMENT_TARGET = 14.0;
				MARKETING_VERSION = 0.1.9;
				PRODUCT_BUNDLE_IDENTIFIER = app.timenbar.TimenBar;
				PRODUCT_NAME = TimenBar;
				SDKROOT = macosx;
				SWIFT_STRICT_CONCURRENCY = complete;
				SWIFT_VERSION = 6.0;
			};
			name = Debug;
		};
		FC4DA00B90F62B4D5A28A9F5 /* Debug */ = {
			isa = XCBuildConfiguration;
			buildSettings = {
				BUNDLE_LOADER = "$(TEST_HOST)";
				CODE_SIGNING_ALLOWED = NO;
				GENERATE_INFOPLIST_FILE = YES;
				MACOSX_DEPLOYMENT_TARGET = 14.0;
				PRODUCT_BUNDLE_IDENTIFIER = app.timenbar.TimenBarTests;
				SDKROOT = macosx;
				SWIFT_VERSION = 6.0;
				TEST_HOST = "$(BUILT_PRODUCTS_DIR)/TimenBar.app/Contents/MacOS/TimenBar";
			};
			name = Debug;
		};
/* End XCBuildConfiguration section */

/* Begin XCConfigurationList section */
		0AFBD067D3E956BEC16BD816 /* Build configuration list for PBXProject "TimenBar" */ = {
			isa = XCConfigurationList;
			buildConfigurations = (
				2A298900F08FC9B7D986C81D /* Debug */,
				56AD478E8EE61B626EB15218 /* Release */,
			);
			defaultConfigurationIsVisible = 0;
			defaultConfigurationName = Release;
		};
		1840682E3D2F26BF4248C353 /* Build configuration list for PBXNativeTarget "TimenBarUITests" */ = {
			isa = XCConfigurationList;
			buildConfigurations = (
				19A7C776E587034597CA6926 /* Release */,
				67A6425173A6444858880AE8 /* Debug */,
			);
			defaultConfigurationIsVisible = 0;
			defaultConfigurationName = Release;
		};
		A273DFC1D791F2D114162A99 /* Build configuration list for PBXNativeTarget "TimenBarTests" */ = {
			isa = XCConfigurationList;
			buildConfigurations = (
				36B1FE3F2D3A3736CC33DDB8 /* Release */,
				FC4DA00B90F62B4D5A28A9F5 /* Debug */,
			);
			defaultConfigurationIsVisible = 0;
			defaultConfigurationName = Release;
		};
		F542363974C825ACBC9FECE9 /* Build configuration list for PBXNativeTarget "TimenBar" */ = {
			isa = XCConfigurationList;
			buildConfigurations = (
				3E789671346B02986A576DBC /* Release */,
				8191626E660F326ADF5E2BE5 /* Debug */,
			);
			defaultConfigurationIsVisible = 0;
			defaultConfigurationName = Release;
		};
/* End XCConfigurationList section */

/* Begin XCRemoteSwiftPackageReference section */
		125BD098C0F5A7EABF0CC2B0 /* XCRemoteSwiftPackageReference "Sparkle" */ = {
			isa = XCRemoteSwiftPackageReference;
			repositoryURL = "https://github.com/sparkle-project/Sparkle.git";
			requirement = {
				kind = exactVersion;
				version = 2.9.2;
			};
		};
		9559DF6CF393BF715EF7681E /* XCRemoteSwiftPackageReference "swift-sdk" */ = {
			isa = XCRemoteSwiftPackageReference;
			repositoryURL = "https://github.com/modelcontextprotocol/swift-sdk.git";
			requirement = {
				kind = exactVersion;
				version = 0.12.1;
			};
		};
/* End XCRemoteSwiftPackageReference section */

/* Begin XCSwiftPackageProductDependency section */
		C25967215605B845080BBC70 /* MCP */ = {
			isa = XCSwiftPackageProductDependency;
			package = 9559DF6CF393BF715EF7681E /* XCRemoteSwiftPackageReference "swift-sdk" */;
			productName = MCP;
		};
		C46FA2789D751A90430F82C1 /* Sparkle */ = {
			isa = XCSwiftPackageProductDependency;
			package = 125BD098C0F5A7EABF0CC2B0 /* XCRemoteSwiftPackageReference "Sparkle" */;
			productName = Sparkle;
		};
/* End XCSwiftPackageProductDependency section */
	};
	rootObject = BF5B538F4E0BD349ED39A303 /* Project object */;
}
